
Microsoft Visual Studio Solution File, Format Version 12.00
# Visual Studio Version 17
VisualStudioVersion = 17.3.32825.248
MinimumVisualStudioVersion = 10.0.40219.1
Project("{FAE04EC0-301F-11D3-BF4B-00C04F79EFBC}") = "NetSocketUdpProject", "NetSocketUdpProject.csproj", "{45090F33-EAAE-4165-9302-8BEFA29B7621}"
EndProject
Global
	GlobalSection(SolutionConfigurationPlatforms) = preSolution
		Debug|Any CPU = Debug|Any CPU
		Release|Any CPU = Release|Any CPU
	EndGlobalSection
	GlobalSection(ProjectConfigurationPlatforms) = postSolution
		{45090F33-EAAE-4165-9302-8BEFA29B7621}.Debug|Any CPU.ActiveCfg = Debug|Any CPU
		{45090F33-EAAE-4165-9302-8BEFA29B7621}.Debug|Any CPU.Build.0 = Debug|Any CPU
		{45090F33-EAAE-4165-9302-8BEFA29B7621}.Release|Any CPU.ActiveCfg = Release|Any CPU
		{45090F33-EAAE-4165-9302-8BEFA29B7621}.Release|Any CPU.Build.0 = Release|Any CPU
	EndGlobalSection
	GlobalSection(SolutionProperties) = preSolution
		HideSolutionNode = FALSE
	EndGlobalSection
	GlobalSection(ExtensibilityGlobals) = postSolution
		SolutionGuid = {04388B7B-8C17-4516-816E-7D8F8F2C09EE}
	EndGlobalSection
EndGlobal
